
Microsoft Visual Studio Solution File, Format Version 12.00
# Visual Studio Version 16
VisualStudioVersion = 16.0.31410.357
MinimumVisualStudioVersion = 10.0.40219.1
Project("{9A19103F-16F7-4668-BE54-9A1E7A4F7556}") = "DSLKIT", "DSLKIT\DSLKIT.csproj", "{CCD455F5-3B57-4FA1-B8AD-1B0B59B20FE2}"
EndProject
Project("{9A19103F-16F7-4668-BE54-9A1E7A4F7556}") = "DSLKIT.Test", "DSLKIT.Test\DSLKIT.Test.csproj", "{C259EB4A-459A-4532-B14F-DD8522154908}"
EndProject
Project("{2150E333-8FDC-42A3-9474-1A3956D46DE8}") = "Solution Items", "Solution Items", "{1C978530-ED67-44C7-8CB0-F278AB7CF7DD}"
	ProjectSection(SolutionItems) = preProject
		.editorconfig = .editorconfig
	EndProjectSection
EndProject
Project("{FAE04EC0-301F-11D3-BF4B-00C04F79EFBC}") = "DSLKIT.Visualizers", "DSLKIT.Visualizers\DSLKIT.Visualizers.csproj", "{6062B1AD-76AA-43BE-A068-875F63C3C23D}"
EndProject
Project("{FAE04EC0-301F-11D3-BF4B-00C04F79EFBC}") = "DSLKIT.Visualizers.Tests", "DSLKIT.Visualizers.Tests\DSLKIT.Visualizers.Tests.csproj", "{5D069FA2-9F12-4D5E-BB2C-97F5AC4D9572}"
EndProject
Project("{FAE04EC0-301F-11D3-BF4B-00C04F79EFBC}") = "DSLKIT.Visualizer.App", "DSLKIT.Visualizer.App\DSLKIT.Visualizer.App.csproj", "{D437B843-8401-4CF5-8B61-23DA491A0DFA}"
EndProject
Project("{FAE04EC0-301F-11D3-BF4B-00C04F79EFBC}") = "DSLKIT.Visualizer.Abstractions", "DSLKIT.Visualizer.Abstractions\DSLKIT.Visualizer.Abstractions.csproj", "{81FB7C3A-7269-4080-8970-955EA3F66710}"
EndProject
Project("{2150E333-8FDC-42A3-9474-1A3956D46DE8}") = "Examples", "Examples", "{B36A84DF-456D-A817-6EDD-3EC3E7F6E11F}"
EndProject
Project("{FAE04EC0-301F-11D3-BF4B-00C04F79EFBC}") = "DSLKIT.GrammarExamples", "Examples\DSLKIT.GrammarExamples\DSLKIT.GrammarExamples.csproj", "{471B7FAF-D659-4A84-8D2D-0BE5F1E23D7B}"
EndProject
Project("{FAE04EC0-301F-11D3-BF4B-00C04F79EFBC}") = "DSLKIT.GrammarExamples.Ini", "Examples\DSLKIT.GrammarExamples.Ini\DSLKIT.GrammarExamples.Ini.csproj", "{8D81C451-3B65-4BED-A455-DB05B239AAED}"
EndProject
Project("{FAE04EC0-301F-11D3-BF4B-00C04F79EFBC}") = "DSLKIT.GrammarExamples.MsSql", "Examples\DSLKIT.GrammarExamples.MsSql\DSLKIT.GrammarExamples.MsSql.csproj", "{06A61B77-8294-46B6-B9E4-EADC95174F9F}"
EndProject
Project("{FAE04EC0-301F-11D3-BF4B-00C04F79EFBC}") = "DSLKIT.GrammarExamples.SJackson", "Examples\DSLKIT.GrammarExamples.SJackson\DSLKIT.GrammarExamples.SJackson.csproj", "{A1A72C60-AF1E-466F-9F3D-3E8665C8F1A6}"
EndProject
Global
	GlobalSection(SolutionConfigurationPlatforms) = preSolution
		Debug|Any CPU = Debug|Any CPU
		Debug|x64 = Debug|x64
		Debug|x86 = Debug|x86
		Release|Any CPU = Release|Any CPU
		Release|x64 = Release|x64
		Release|x86 = Release|x86
	EndGlobalSection
	GlobalSection(ProjectConfigurationPlatforms) = postSolution
		{CCD455F5-3B57-4FA1-B8AD-1B0B59B20FE2}.Debug|Any CPU.ActiveCfg = Debug|Any CPU
		{CCD455F5-3B57-4FA1-B8AD-1B0B59B20FE2}.Debug|Any CPU.Build.0 = Debug|Any CPU
		{CCD455F5-3B57-4FA1-B8AD-1B0B59B20FE2}.Debug|x64.ActiveCfg = Debug|Any CPU
		{CCD455F5-3B57-4FA1-B8AD-1B0B59B20FE2}.Debug|x64.Build.0 = Debug|Any CPU
		{CCD455F5-3B57-4FA1-B8AD-1B0B59B20FE2}.Debug|x86.ActiveCfg = Debug|Any CPU
		{CCD455F5-3B57-4FA1-B8AD-1B0B59B20FE2}.Debug|x86.Build.0 = Debug|Any CPU
		{CCD455F5-3B57-4FA1-B8AD-1B0B59B20FE2}.Release|Any CPU.ActiveCfg = Release|Any CPU
		{CCD455F5-3B57-4FA1-B8AD-1B0B59B20FE2}.Release|Any CPU.Build.0 = Release|Any CPU
		{CCD455F5-3B57-4FA1-B8AD-1B0B59B20FE2}.Release|x64.ActiveCfg = Release|Any CPU
		{CCD455F5-3B57-4FA1-B8AD-1B0B59B20FE2}.Release|x64.Build.0 = Release|Any CPU
		{CCD455F5-3B57-4FA1-B8AD-1B0B59B20FE2}.Release|x86.ActiveCfg = Release|Any CPU
		{CCD455F5-3B57-4FA1-B8AD-1B0B59B20FE2}.Release|x86.Build.0 = Release|Any CPU
		{C259EB4A-459A-4532-B14F-DD8522154908}.Debug|Any CPU.ActiveCfg = Debug|Any CPU
		{C259EB4A-459A-4532-B14F-DD8522154908}.Debug|Any CPU.Build.0 = Debug|Any CPU
		{C259EB4A-459A-4532-B14F-DD8522154908}.Debug|x64.ActiveCfg = Debug|Any CPU
		{C259EB4A-459A-4532-B14F-DD8522154908}.Debug|x64.Build.0 = Debug|Any CPU
		{C259EB4A-459A-4532-B14F-DD8522154908}.Debug|x86.ActiveCfg = Debug|Any CPU
		{C259EB4A-459A-4532-B14F-DD8522154908}.Debug|x86.Build.0 = Debug|Any CPU
		{C259EB4A-459A-4532-B14F-DD8522154908}.Release|Any CPU.ActiveCfg = Release|Any CPU
		{C259EB4A-459A-4532-B14F-DD8522154908}.Release|Any CPU.Build.0 = Release|Any CPU
		{C259EB4A-459A-4532-B14F-DD8522154908}.Release|x64.ActiveCfg = Release|Any CPU
		{C259EB4A-459A-4532-B14F-DD8522154908}.Release|x64.Build.0 = Release|Any CPU
		{C259EB4A-459A-4532-B14F-DD8522154908}.Release|x86.ActiveCfg = Release|Any CPU
		{C259EB4A-459A-4532-B14F-DD8522154908}.Release|x86.Build.0 = Release|Any CPU
		{6062B1AD-76AA-43BE-A068-875F63C3C23D}.Debug|Any CPU.ActiveCfg = Debug|Any CPU
		{6062B1AD-76AA-43BE-A068-875F63C3C23D}.Debug|Any CPU.Build.0 = Debug|Any CPU
		{6062B1AD-76AA-43BE-A068-875F63C3C23D}.Debug|x64.ActiveCfg = Debug|Any CPU
		{6062B1AD-76AA-43BE-A068-875F63C3C23D}.Debug|x64.Build.0 = Debug|Any CPU
		{6062B1AD-76AA-43BE-A068-875F63C3C23D}.Debug|x86.ActiveCfg = Debug|Any CPU
		{6062B1AD-76AA-43BE-A068-875F63C3C23D}.Debug|x86.Build.0 = Debug|Any CPU
		{6062B1AD-76AA-43BE-A068-875F63C3C23D}.Release|Any CPU.ActiveCfg = Release|Any CPU
		{6062B1AD-76AA-43BE-A068-875F63C3C23D}.Release|Any CPU.Build.0 = Release|Any CPU
		{6062B1AD-76AA-43BE-A068-875F63C3C23D}.Release|x64.ActiveCfg = Release|Any CPU
		{6062B1AD-76AA-43BE-A068-875F63C3C23D}.Release|x64.Build.0 = Release|Any CPU
		{6062B1AD-76AA-43BE-A068-875F63C3C23D}.Release|x86.ActiveCfg = Release|Any CPU
		{6062B1AD-76AA-43BE-A068-875F63C3C23D}.Release|x86.Build.0 = Release|Any CPU
		{5D069FA2-9F12-4D5E-BB2C-97F5AC4D9572}.Debug|Any CPU.ActiveCfg = Debug|Any CPU
		{5D069FA2-9F12-4D5E-BB2C-97F5AC4D9572}.Debug|Any CPU.Build.0 = Debug|Any CPU
		{5D069FA2-9F12-4D5E-BB2C-97F5AC4D9572}.Debug|x64.ActiveCfg = Debug|Any CPU
		{5D069FA2-9F12-4D5E-BB2C-97F5AC4D9572}.Debug|x64.Build.0 = Debug|Any CPU
		{5D069FA2-9F12-4D5E-BB2C-97F5AC4D9572}.Debug|x86.ActiveCfg = Debug|Any CPU
		{5D069FA2-9F12-4D5E-BB2C-97F5AC4D9572}.Debug|x86.Build.0 = Debug|Any CPU
		{5D069FA2-9F12-4D5E-BB2C-97F5AC4D9572}.Release|Any CPU.ActiveCfg = Release|Any CPU
		{5D069FA2-9F12-4D5E-BB2C-97F5AC4D9572}.Release|Any CPU.Build.0 = Release|Any CPU
		{5D069FA2-9F12-4D5E-BB2C-97F5AC4D9572}.Release|x64.ActiveCfg = Release|Any CPU
		{5D069FA2-9F12-4D5E-BB2C-97F5AC4D9572}.Release|x64.Build.0 = Release|Any CPU
		{5D069FA2-9F12-4D5E-BB2C-97F5AC4D9572}.Release|x86.ActiveCfg = Release|Any CPU
		{5D069FA2-9F12-4D5E-BB2C-97F5AC4D9572}.Release|x86.Build.0 = Release|Any CPU
		{D437B843-8401-4CF5-8B61-23DA491A0DFA}.Debug|Any CPU.ActiveCfg = Debug|Any CPU
		{D437B843-8401-4CF5-8B61-23DA491A0DFA}.Debug|Any CPU.Build.0 = Debug|Any CPU
		{D437B843-8401-4CF5-8B61-23DA491A0DFA}.Debug|x64.ActiveCfg = Debug|Any CPU
		{D437B843-8401-4CF5-8B61-23DA491A0DFA}.Debug|x64.Build.0 = Debug|Any CPU
		{D437B843-8401-4CF5-8B61-23DA491A0DFA}.Debug|x86.ActiveCfg = Debug|Any CPU
		{D437B843-8401-4CF5-8B61-23DA491A0DFA}.Debug|x86.Build.0 = Debug|Any CPU
		{D437B843-8401-4CF5-8B61-23DA491A0DFA}.Release|Any CPU.ActiveCfg = Release|Any CPU
		{D437B843-8401-4CF5-8B61-23DA491A0DFA}.Release|Any CPU.Build.0 = Release|Any CPU
		{D437B843-8401-4CF5-8B61-23DA491A0DFA}.Release|x64.ActiveCfg = Release|Any CPU
		{D437B843-8401-4CF5-8B61-23DA491A0DFA}.Release|x64.Build.0 = Release|Any CPU
		{D437B843-8401-4CF5-8B61-23DA491A0DFA}.Release|x86.ActiveCfg = Release|Any CPU
		{D437B843-8401-4CF5-8B61-23DA491A0DFA}.Release|x86.Build.0 = Release|Any CPU
		{81FB7C3A-7269-4080-8970-955EA3F66710}.Debug|Any CPU.ActiveCfg = Debug|Any CPU
		{81FB7C3A-7269-4080-8970-955EA3F66710}.Debug|Any CPU.Build.0 = Debug|Any CPU
		{81FB7C3A-7269-4080-8970-955EA3F66710}.Debug|x64.ActiveCfg = Debug|Any CPU
		{81FB7C3A-7269-4080-8970-955EA3F66710}.Debug|x64.Build.0 = Debug|Any CPU
		{81FB7C3A-7269-4080-8970-955EA3F66710}.Debug|x86.ActiveCfg = Debug|Any CPU
		{81FB7C3A-7269-4080-8970-955EA3F66710}.Debug|x86.Build.0 = Debug|Any CPU
		{81FB7C3A-7269-4080-8970-955EA3F66710}.Release|Any CPU.ActiveCfg = Release|Any CPU
		{81FB7C3A-7269-4080-8970-955EA3F66710}.Release|Any CPU.Build.0 = Release|Any CPU
		{81FB7C3A-7269-4080-8970-955EA3F66710}.Release|x64.ActiveCfg = Release|Any CPU
		{81FB7C3A-7269-4080-8970-955EA3F66710}.Release|x64.Build.0 = Release|Any CPU
		{81FB7C3A-7269-4080-8970-955EA3F66710}.Release|x86.ActiveCfg = Release|Any CPU
		{81FB7C3A-7269-4080-8970-955EA3F66710}.Release|x86.Build.0 = Release|Any CPU
		{471B7FAF-D659-4A84-8D2D-0BE5F1E23D7B}.Debug|Any CPU.ActiveCfg = Debug|Any CPU
		{471B7FAF-D659-4A84-8D2D-0BE5F1E23D7B}.Debug|Any CPU.Build.0 = Debug|Any CPU
		{471B7FAF-D659-4A84-8D2D-0BE5F1E23D7B}.Debug|x64.ActiveCfg = Debug|Any CPU
		{471B7FAF-D659-4A84-8D2D-0BE5F1E23D7B}.Debug|x64.Build.0 = Debug|Any CPU
		{471B7FAF-D659-4A84-8D2D-0BE5F1E23D7B}.Debug|x86.ActiveCfg = Debug|Any CPU
		{471B7FAF-D659-4A84-8D2D-0BE5F1E23D7B}.Debug|x86.Build.0 = Debug|Any CPU
		{471B7FAF-D659-4A84-8D2D-0BE5F1E23D7B}.Release|Any CPU.ActiveCfg = Release|Any CPU
		{471B7FAF-D659-4A84-8D2D-0BE5F1E23D7B}.Release|Any CPU.Build.0 = Release|Any CPU
		{471B7FAF-D659-4A84-8D2D-0BE5F1E23D7B}.Release|x64.ActiveCfg = Release|Any CPU
		{471B7FAF-D659-4A84-8D2D-0BE5F1E23D7B}.Release|x64.Build.0 = Release|Any CPU
		{471B7FAF-D659-4A84-8D2D-0BE5F1E23D7B}.Release|x86.ActiveCfg = Release|Any CPU
		{471B7FAF-D659-4A84-8D2D-0BE5F1E23D7B}.Release|x86.Build.0 = Release|Any CPU
		{8D81C451-3B65-4BED-A455-DB05B239AAED}.Debug|Any CPU.ActiveCfg = Debug|Any CPU
		{8D81C451-3B65-4BED-A455-DB05B239AAED}.Debug|Any CPU.Build.0 = Debug|Any CPU
		{8D81C451-3B65-4BED-A455-DB05B239AAED}.Debug|x64.ActiveCfg = Debug|Any CPU
		{8D81C451-3B65-4BED-A455-DB05B239AAED}.Debug|x64.Build.0 = Debug|Any CPU
		{8D81C451-3B65-4BED-A455-DB05B239AAED}.Debug|x86.ActiveCfg = Debug|Any CPU
		{8D81C451-3B65-4BED-A455-DB05B239AAED}.Debug|x86.Build.0 = Debug|Any CPU
		{8D81C451-3B65-4BED-A455-DB05B239AAED}.Release|Any CPU.ActiveCfg = Release|Any CPU
		{8D81C451-3B65-4BED-A455-DB05B239AAED}.Release|Any CPU.Build.0 = Release|Any CPU
		{8D81C451-3B65-4BED-A455-DB05B239AAED}.Release|x64.ActiveCfg = Release|Any CPU
		{8D81C451-3B65-4BED-A455-DB05B239AAED}.Release|x64.Build.0 = Release|Any CPU
		{8D81C451-3B65-4BED-A455-DB05B239AAED}.Release|x86.ActiveCfg = Release|Any CPU
		{8D81C451-3B65-4BED-A455-DB05B239AAED}.Release|x86.Build.0 = Release|Any CPU
		{06A61B77-8294-46B6-B9E4-EADC95174F9F}.Debug|Any CPU.ActiveCfg = Debug|Any CPU
		{06A61B77-8294-46B6-B9E4-EADC95174F9F}.Debug|Any CPU.Build.0 = Debug|Any CPU
		{06A61B77-8294-46B6-B9E4-EADC95174F9F}.Debug|x64.ActiveCfg = Debug|Any CPU
		{06A61B77-8294-46B6-B9E4-EADC95174F9F}.Debug|x64.Build.0 = Debug|Any CPU
		{06A61B77-8294-46B6-B9E4-EADC95174F9F}.Debug|x86.ActiveCfg = Debug|Any CPU
		{06A61B77-8294-46B6-B9E4-EADC95174F9F}.Debug|x86.Build.0 = Debug|Any CPU
		{06A61B77-8294-46B6-B9E4-EADC95174F9F}.Release|Any CPU.ActiveCfg = Release|Any CPU
		{06A61B77-8294-46B6-B9E4-EADC95174F9F}.Release|Any CPU.Build.0 = Release|Any CPU
		{06A61B77-8294-46B6-B9E4-EADC95174F9F}.Release|x64.ActiveCfg = Release|Any CPU
		{06A61B77-8294-46B6-B9E4-EADC95174F9F}.Release|x64.Build.0 = Release|Any CPU
		{06A61B77-8294-46B6-B9E4-EADC95174F9F}.Release|x86.ActiveCfg = Release|Any CPU
		{06A61B77-8294-46B6-B9E4-EADC95174F9F}.Release|x86.Build.0 = Release|Any CPU
		{A1A72C60-AF1E-466F-9F3D-3E8665C8F1A6}.Debug|Any CPU.ActiveCfg = Debug|Any CPU
		{A1A72C60-AF1E-466F-9F3D-3E8665C8F1A6}.Debug|Any CPU.Build.0 = Debug|Any CPU
		{A1A72C60-AF1E-466F-9F3D-3E8665C8F1A6}.Debug|x64.ActiveCfg = Debug|Any CPU
		{A1A72C60-AF1E-466F-9F3D-3E8665C8F1A6}.Debug|x64.Build.0 = Debug|Any CPU
		{A1A72C60-AF1E-466F-9F3D-3E8665C8F1A6}.Debug|x86.ActiveCfg = Debug|Any CPU
		{A1A72C60-AF1E-466F-9F3D-3E8665C8F1A6}.Debug|x86.Build.0 = Debug|Any CPU
		{A1A72C60-AF1E-466F-9F3D-3E8665C8F1A6}.Release|Any CPU.ActiveCfg = Release|Any CPU
		{A1A72C60-AF1E-466F-9F3D-3E8665C8F1A6}.Release|Any CPU.Build.0 = Release|Any CPU
		{A1A72C60-AF1E-466F-9F3D-3E8665C8F1A6}.Release|x64.ActiveCfg = Release|Any CPU
		{A1A72C60-AF1E-466F-9F3D-3E8665C8F1A6}.Release|x64.Build.0 = Release|Any CPU
		{A1A72C60-AF1E-466F-9F3D-3E8665C8F1A6}.Release|x86.ActiveCfg = Release|Any CPU
		{A1A72C60-AF1E-466F-9F3D-3E8665C8F1A6}.Release|x86.Build.0 = Release|Any CPU
	EndGlobalSection
	GlobalSection(SolutionProperties) = preSolution
		HideSolutionNode = FALSE
	EndGlobalSection
	GlobalSection(NestedProjects) = preSolution
		{471B7FAF-D659-4A84-8D2D-0BE5F1E23D7B} = {B36A84DF-456D-A817-6EDD-3EC3E7F6E11F}
		{8D81C451-3B65-4BED-A455-DB05B239AAED} = {B36A84DF-456D-A817-6EDD-3EC3E7F6E11F}
		{06A61B77-8294-46B6-B9E4-EADC95174F9F} = {B36A84DF-456D-A817-6EDD-3EC3E7F6E11F}
		{A1A72C60-AF1E-466F-9F3D-3E8665C8F1A6} = {B36A84DF-456D-A817-6EDD-3EC3E7F6E11F}
	EndGlobalSection
	GlobalSection(ExtensibilityGlobals) = postSolution
		SolutionGuid = {CF16A0B4-CF66-4FA1-B47E-B98F5973C96A}
	EndGlobalSection
EndGlobal
