
Microsoft Visual Studio Solution File, Format Version 12.00
# Visual Studio Version 16
VisualStudioVersion = 16.0.31410.357
MinimumVisualStudioVersion = 10.0.40219.1
Project("{9A19103F-16F7-4668-BE54-9A1E7A4F7556}") = "DSLKIT", "DSLKIT\DSLKIT.csproj", "{CCD455F5-3B57-4FA1-B8AD-1B0B59B20FE2}"
EndProject
Project("{9A19103F-16F7-4668-BE54-9A1E7A4F7556}") = "DSLKIT.Test", "DSLKIT.Test\DSLKIT.Test.csproj", "{C259EB4A-459A-4532-B14F-DD8522154908}"
EndProject
Project("{2150E333-8FDC-42A3-9474-1A3956D46DE8}") = "Solution Items", "Solution Items", "{1C978530-ED67-44C7-8CB0-F278AB7CF7DD}"
	ProjectSection(SolutionItems) = preProject
		.editorconfig = .editorconfig
	EndProjectSection
EndProject
Project("{FAE04EC0-301F-11D3-BF4B-00C04F79EFBC}") = "DSLKIT.Visualizers", "DSLKIT.Visualizers\DSLKIT.Visualizers.csproj", "{6062B1AD-76AA-43BE-A068-875F63C3C23D}"
EndProject
Project("{FAE04EC0-301F-11D3-BF4B-00C04F79EFBC}") = "DSLKIT.Visualizers.Tests", "DSLKIT.Visualizers.Tests\DSLKIT.Visualizers.Tests.csproj", "{5D069FA2-9F12-4D5E-BB2C-97F5AC4D9572}"
EndProject
Project("{FAE04EC0-301F-11D3-BF4B-00C04F79EFBC}") = "DSLKIT.GrammarExamples", "DSLKIT.GrammarExamples\DSLKIT.GrammarExamples.csproj", "{52425D3F-EA7E-4EBB-A6B2-F119147CC041}"
EndProject
Project("{FAE04EC0-301F-11D3-BF4B-00C04F79EFBC}") = "DSLKIT.GrammarExamples.MsSql", "DSLKIT.GrammarExamples.MsSql\DSLKIT.GrammarExamples.MsSql.csproj", "{0CA763F4-9C5D-4DE6-ACE2-970BB9CE88EC}"
EndProject
Global
	GlobalSection(SolutionConfigurationPlatforms) = preSolution
		Debug|Any CPU = Debug|Any CPU
		Debug|x64 = Debug|x64
		Debug|x86 = Debug|x86
		Release|Any CPU = Release|Any CPU
		Release|x64 = Release|x64
		Release|x86 = Release|x86
	EndGlobalSection
	GlobalSection(ProjectConfigurationPlatforms) = postSolution
		{CCD455F5-3B57-4FA1-B8AD-1B0B59B20FE2}.Debug|Any CPU.ActiveCfg = Debug|Any CPU
		{CCD455F5-3B57-4FA1-B8AD-1B0B59B20FE2}.Debug|Any CPU.Build.0 = Debug|Any CPU
		{CCD455F5-3B57-4FA1-B8AD-1B0B59B20FE2}.Debug|x64.ActiveCfg = Debug|Any CPU
		{CCD455F5-3B57-4FA1-B8AD-1B0B59B20FE2}.Debug|x64.Build.0 = Debug|Any CPU
		{CCD455F5-3B57-4FA1-B8AD-1B0B59B20FE2}.Debug|x86.ActiveCfg = Debug|Any CPU
		{CCD455F5-3B57-4FA1-B8AD-1B0B59B20FE2}.Debug|x86.Build.0 = Debug|Any CPU
		{CCD455F5-3B57-4FA1-B8AD-1B0B59B20FE2}.Release|Any CPU.ActiveCfg = Release|Any CPU
		{CCD455F5-3B57-4FA1-B8AD-1B0B59B20FE2}.Release|Any CPU.Build.0 = Release|Any CPU
		{CCD455F5-3B57-4FA1-B8AD-1B0B59B20FE2}.Release|x64.ActiveCfg = Release|Any CPU
		{CCD455F5-3B57-4FA1-B8AD-1B0B59B20FE2}.Release|x64.Build.0 = Release|Any CPU
		{CCD455F5-3B57-4FA1-B8AD-1B0B59B20FE2}.Release|x86.ActiveCfg = Release|Any CPU
		{CCD455F5-3B57-4FA1-B8AD-1B0B59B20FE2}.Release|x86.Build.0 = Release|Any CPU
		{C259EB4A-459A-4532-B14F-DD8522154908}.Debug|Any CPU.ActiveCfg = Debug|Any CPU
		{C259EB4A-459A-4532-B14F-DD8522154908}.Debug|Any CPU.Build.0 = Debug|Any CPU
		{C259EB4A-459A-4532-B14F-DD8522154908}.Debug|x64.ActiveCfg = Debug|Any CPU
		{C259EB4A-459A-4532-B14F-DD8522154908}.Debug|x64.Build.0 = Debug|Any CPU
		{C259EB4A-459A-4532-B14F-DD8522154908}.Debug|x86.ActiveCfg = Debug|Any CPU
		{C259EB4A-459A-4532-B14F-DD8522154908}.Debug|x86.Build.0 = Debug|Any CPU
		{C259EB4A-459A-4532-B14F-DD8522154908}.Release|Any CPU.ActiveCfg = Release|Any CPU
		{C259EB4A-459A-4532-B14F-DD8522154908}.Release|Any CPU.Build.0 = Release|Any CPU
		{C259EB4A-459A-4532-B14F-DD8522154908}.Release|x64.ActiveCfg = Release|Any CPU
		{C259EB4A-459A-4532-B14F-DD8522154908}.Release|x64.Build.0 = Release|Any CPU
		{C259EB4A-459A-4532-B14F-DD8522154908}.Release|x86.ActiveCfg = Release|Any CPU
		{C259EB4A-459A-4532-B14F-DD8522154908}.Release|x86.Build.0 = Release|Any CPU
		{6062B1AD-76AA-43BE-A068-875F63C3C23D}.Debug|Any CPU.ActiveCfg = Debug|Any CPU
		{6062B1AD-76AA-43BE-A068-875F63C3C23D}.Debug|Any CPU.Build.0 = Debug|Any CPU
		{6062B1AD-76AA-43BE-A068-875F63C3C23D}.Debug|x64.ActiveCfg = Debug|Any CPU
		{6062B1AD-76AA-43BE-A068-875F63C3C23D}.Debug|x64.Build.0 = Debug|Any CPU
		{6062B1AD-76AA-43BE-A068-875F63C3C23D}.Debug|x86.ActiveCfg = Debug|Any CPU
		{6062B1AD-76AA-43BE-A068-875F63C3C23D}.Debug|x86.Build.0 = Debug|Any CPU
		{6062B1AD-76AA-43BE-A068-875F63C3C23D}.Release|Any CPU.ActiveCfg = Release|Any CPU
		{6062B1AD-76AA-43BE-A068-875F63C3C23D}.Release|Any CPU.Build.0 = Release|Any CPU
		{6062B1AD-76AA-43BE-A068-875F63C3C23D}.Release|x64.ActiveCfg = Release|Any CPU
		{6062B1AD-76AA-43BE-A068-875F63C3C23D}.Release|x64.Build.0 = Release|Any CPU
		{6062B1AD-76AA-43BE-A068-875F63C3C23D}.Release|x86.ActiveCfg = Release|Any CPU
		{6062B1AD-76AA-43BE-A068-875F63C3C23D}.Release|x86.Build.0 = Release|Any CPU
		{5D069FA2-9F12-4D5E-BB2C-97F5AC4D9572}.Debug|Any CPU.ActiveCfg = Debug|Any CPU
		{5D069FA2-9F12-4D5E-BB2C-97F5AC4D9572}.Debug|Any CPU.Build.0 = Debug|Any CPU
		{5D069FA2-9F12-4D5E-BB2C-97F5AC4D9572}.Debug|x64.ActiveCfg = Debug|Any CPU
		{5D069FA2-9F12-4D5E-BB2C-97F5AC4D9572}.Debug|x64.Build.0 = Debug|Any CPU
		{5D069FA2-9F12-4D5E-BB2C-97F5AC4D9572}.Debug|x86.ActiveCfg = Debug|Any CPU
		{5D069FA2-9F12-4D5E-BB2C-97F5AC4D9572}.Debug|x86.Build.0 = Debug|Any CPU
		{5D069FA2-9F12-4D5E-BB2C-97F5AC4D9572}.Release|Any CPU.ActiveCfg = Release|Any CPU
		{5D069FA2-9F12-4D5E-BB2C-97F5AC4D9572}.Release|Any CPU.Build.0 = Release|Any CPU
		{5D069FA2-9F12-4D5E-BB2C-97F5AC4D9572}.Release|x64.ActiveCfg = Release|Any CPU
		{5D069FA2-9F12-4D5E-BB2C-97F5AC4D9572}.Release|x64.Build.0 = Release|Any CPU
		{5D069FA2-9F12-4D5E-BB2C-97F5AC4D9572}.Release|x86.ActiveCfg = Release|Any CPU
		{5D069FA2-9F12-4D5E-BB2C-97F5AC4D9572}.Release|x86.Build.0 = Release|Any CPU
		{52425D3F-EA7E-4EBB-A6B2-F119147CC041}.Debug|Any CPU.ActiveCfg = Debug|Any CPU
		{52425D3F-EA7E-4EBB-A6B2-F119147CC041}.Debug|Any CPU.Build.0 = Debug|Any CPU
		{52425D3F-EA7E-4EBB-A6B2-F119147CC041}.Debug|x64.ActiveCfg = Debug|Any CPU
		{52425D3F-EA7E-4EBB-A6B2-F119147CC041}.Debug|x64.Build.0 = Debug|Any CPU
		{52425D3F-EA7E-4EBB-A6B2-F119147CC041}.Debug|x86.ActiveCfg = Debug|Any CPU
		{52425D3F-EA7E-4EBB-A6B2-F119147CC041}.Debug|x86.Build.0 = Debug|Any CPU
		{52425D3F-EA7E-4EBB-A6B2-F119147CC041}.Release|Any CPU.ActiveCfg = Release|Any CPU
		{52425D3F-EA7E-4EBB-A6B2-F119147CC041}.Release|Any CPU.Build.0 = Release|Any CPU
		{52425D3F-EA7E-4EBB-A6B2-F119147CC041}.Release|x64.ActiveCfg = Release|Any CPU
		{52425D3F-EA7E-4EBB-A6B2-F119147CC041}.Release|x64.Build.0 = Release|Any CPU
		{52425D3F-EA7E-4EBB-A6B2-F119147CC041}.Release|x86.ActiveCfg = Release|Any CPU
		{52425D3F-EA7E-4EBB-A6B2-F119147CC041}.Release|x86.Build.0 = Release|Any CPU
		{0CA763F4-9C5D-4DE6-ACE2-970BB9CE88EC}.Debug|Any CPU.ActiveCfg = Debug|Any CPU
		{0CA763F4-9C5D-4DE6-ACE2-970BB9CE88EC}.Debug|Any CPU.Build.0 = Debug|Any CPU
		{0CA763F4-9C5D-4DE6-ACE2-970BB9CE88EC}.Debug|x64.ActiveCfg = Debug|Any CPU
		{0CA763F4-9C5D-4DE6-ACE2-970BB9CE88EC}.Debug|x64.Build.0 = Debug|Any CPU
		{0CA763F4-9C5D-4DE6-ACE2-970BB9CE88EC}.Debug|x86.ActiveCfg = Debug|Any CPU
		{0CA763F4-9C5D-4DE6-ACE2-970BB9CE88EC}.Debug|x86.Build.0 = Debug|Any CPU
		{0CA763F4-9C5D-4DE6-ACE2-970BB9CE88EC}.Release|Any CPU.ActiveCfg = Release|Any CPU
		{0CA763F4-9C5D-4DE6-ACE2-970BB9CE88EC}.Release|Any CPU.Build.0 = Release|Any CPU
		{0CA763F4-9C5D-4DE6-ACE2-970BB9CE88EC}.Release|x64.ActiveCfg = Release|Any CPU
		{0CA763F4-9C5D-4DE6-ACE2-970BB9CE88EC}.Release|x64.Build.0 = Release|Any CPU
		{0CA763F4-9C5D-4DE6-ACE2-970BB9CE88EC}.Release|x86.ActiveCfg = Release|Any CPU
		{0CA763F4-9C5D-4DE6-ACE2-970BB9CE88EC}.Release|x86.Build.0 = Release|Any CPU
	EndGlobalSection
	GlobalSection(SolutionProperties) = preSolution
		HideSolutionNode = FALSE
	EndGlobalSection
	GlobalSection(ExtensibilityGlobals) = postSolution
		SolutionGuid = {CF16A0B4-CF66-4FA1-B47E-B98F5973C96A}
	EndGlobalSection
EndGlobal
