Microsoft Visual Studio Solution File, Format Version 12.00
# Visual Studio Version 17
VisualStudioVersion = 17.5.2.0
MinimumVisualStudioVersion = 10.0.40219.1
Project("{FAE04EC0-301F-11D3-BF4B-00C04F79EFBC}") = "DSLKIT", "DSLKIT.csproj", "{21FE0AE4-900B-3B14-203E-3A516EAEF64F}"
EndProject
Global
	GlobalSection(SolutionConfigurationPlatforms) = preSolution
		Debug|Any CPU = Debug|Any CPU
		Release|Any CPU = Release|Any CPU
	EndGlobalSection
	GlobalSection(ProjectConfigurationPlatforms) = postSolution
		{21FE0AE4-900B-3B14-203E-3A516EAEF64F}.Debug|Any CPU.ActiveCfg = Debug|Any CPU
		{21FE0AE4-900B-3B14-203E-3A516EAEF64F}.Debug|Any CPU.Build.0 = Debug|Any CPU
		{21FE0AE4-900B-3B14-203E-3A516EAEF64F}.Release|Any CPU.ActiveCfg = Release|Any CPU
		{21FE0AE4-900B-3B14-203E-3A516EAEF64F}.Release|Any CPU.Build.0 = Release|Any CPU
	EndGlobalSection
	GlobalSection(SolutionProperties) = preSolution
		HideSolutionNode = FALSE
	EndGlobalSection
	GlobalSection(ExtensibilityGlobals) = postSolution
		SolutionGuid = {CCB9FD51-398A-46B3-B8C7-A360B9587433}
	EndGlobalSection
EndGlobal
